{
  "version": 4,
  "terraform_version": "1.15.0",
  "serial": 32,
  "lineage": "cf834c34-f9ff-a4ad-085b-71f6c878d3cc",
  "outputs": {
    "cluster_endpoint": {
      "value": "https://52.66.203.212:6443",
      "type": "string"
    },
    "cluster_name": {
      "value": "phd-k8s-cluster",
      "type": "string"
    },
    "docker_manager_id": {
      "value": "i-0b29936a42d4ee138",
      "type": "string"
    },
    "docker_manager_private_ip": {
      "value": "10.0.1.211",
      "type": "string"
    },
    "docker_manager_public_ip": {
      "value": "15.207.86.193",
      "type": "string"
    },
    "docker_worker_1_id": {
      "value": "i-090606d00ffbe6bfc",
      "type": "string"
    },
    "docker_worker_1_public_ip": {
      "value": "65.0.98.185",
      "type": "string"
    },
    "docker_worker_2_id": {
      "value": "i-05f9236aee3df3cf7",
      "type": "string"
    },
    "docker_worker_2_public_ip": {
      "value": "13.126.164.39",
      "type": "string"
    },
    "docker_worker_private_ips": {
      "value": [
        "10.0.1.14",
        "10.0.1.234"
      ],
      "type": [
        "tuple",
        [
          "string",
          "string"
        ]
      ]
    },
    "docker_worker_public_ips": {
      "value": [
        "65.0.98.185",
        "13.126.164.39"
      ],
      "type": [
        "tuple",
        [
          "string",
          "string"
        ]
      ]
    },
    "k8s_control_plane_id": {
      "value": "i-07999b55b2cadfbf1",
      "type": "string"
    },
    "k8s_control_plane_private_ip": {
      "value": "10.0.1.20",
      "type": "string"
    },
    "k8s_control_plane_public_ip": {
      "value": "52.66.203.212",
      "type": "string"
    },
    "k8s_worker_1_id": {
      "value": "i-04f3b6ca09347c72c",
      "type": "string"
    },
    "k8s_worker_1_public_ip": {
      "value": "15.207.86.110",
      "type": "string"
    },
    "k8s_worker_2_id": {
      "value": "i-0ca109c0bd7cc2e07",
      "type": "string"
    },
    "k8s_worker_2_public_ip": {
      "value": "15.206.145.215",
      "type": "string"
    },
    "k8s_worker_private_ips": {
      "value": [
        "10.0.1.212",
        "10.0.1.192"
      ],
      "type": [
        "tuple",
        [
          "string",
          "string"
        ]
      ]
    },
    "k8s_worker_public_ips": {
      "value": [
        "15.207.86.110",
        "15.206.145.215"
      ],
      "type": [
        "tuple",
        [
          "string",
          "string"
        ]
      ]
    },
    "karpenter_controller_role_arn": {
      "value": "arn:aws:iam::648786395595:role/KarpenterControllerIAMRole",
      "type": "string"
    },
    "private_subnet_id": {
      "value": "subnet-06e72b703d8642681",
      "type": "string"
    },
    "public_subnet_id": {
      "value": "subnet-05029c9a22a3b123e",
      "type": "string"
    },
    "ssh_command_docker_manager": {
      "value": "ssh -i ~/.ssh/id_rsa ubuntu@15.207.86.193",
      "type": "string"
    },
    "ssh_command_k8s_control_plane": {
      "value": "ssh -i ~/.ssh/id_rsa ubuntu@52.66.203.212",
      "type": "string"
    },
    "vpc_id": {
      "value": "vpc-0607321b2c359b220",
      "type": "string"
    }
  },
  "resources": [
    {
      "mode": "data",
      "type": "aws_ami",
      "name": "ubuntu",
      "provider": "provider[\"registry.terraform.io/hashicorp/aws\"]",
      "instances": [
        {
          "schema_version": 0,
          "attributes": {
            "architecture": "x86_64",
            "arn": "arn:aws:ec2:ap-south-1::image/ami-095cc90aa5ddff518",
            "block_device_mappings": [
              {
                "device_name": "/dev/sda1",
                "ebs": {
                  "delete_on_termination": "true",
                  "encrypted": "false",
                  "iops": "0",
                  "snapshot_id": "snap-08aa7d03f691b01ba",
                  "throughput": "0",
                  "volume_initialization_rate": "0",
                  "volume_size": "8",
                  "volume_type": "gp2"
                },
                "no_device": "",
                "virtual_name": ""
              },
              {
                "device_name": "/dev/sdb",
                "ebs": {},
                "no_device": "",
                "virtual_name": "ephemeral0"
              },
              {
                "device_name": "/dev/sdc",
                "ebs": {},
                "no_device": "",
                "virtual_name": "ephemeral1"
              }
            ],
            "boot_mode": "uefi-preferred",
            "creation_date": "2026-03-20T06:58:25.000Z",
            "deprecation_time": "2028-03-20T06:58:25.000Z",
            "description": "Canonical, Ubuntu, 22.04, amd64 jammy image",
            "ena_support": true,
            "executable_users": null,
            "filter": [
              {
                "name": "name",
                "values": [
                  "ubuntu/images/hvm-ssd/ubuntu-jammy-22.04-amd64-server-*"
                ]
              },
              {
                "name": "virtualization-type",
                "values": [
                  "hvm"
                ]
              }
            ],
            "hypervisor": "xen",
            "id": "ami-095cc90aa5ddff518",
            "image_id": "ami-095cc90aa5ddff518",
            "image_location": "amazon/ubuntu/images/hvm-ssd/ubuntu-jammy-22.04-amd64-server-20260320",
            "image_owner_alias": "amazon",
            "image_type": "machine",
            "imds_support": "",
            "include_deprecated": false,
            "kernel_id": "",
            "last_launched_time": "",
            "most_recent": true,
            "name": "ubuntu/images/hvm-ssd/ubuntu-jammy-22.04-amd64-server-20260320",
            "name_regex": null,
            "owner_id": "099720109477",
            "owners": [
              "099720109477"
            ],
            "platform": "",
            "platform_details": "Linux/UNIX",
            "product_codes": [],
            "public": true,
            "ramdisk_id": "",
            "root_device_name": "/dev/sda1",
            "root_device_type": "ebs",
            "root_snapshot_id": "snap-08aa7d03f691b01ba",
            "sriov_net_support": "simple",
            "state": "available",
            "state_reason": {
              "code": "UNSET",
              "message": "UNSET"
            },
            "tags": {},
            "timeouts": null,
            "tpm_support": "",
            "uefi_data": null,
            "usage_operation": "RunInstances",
            "virtualization_type": "hvm"
          },
          "sensitive_attributes": [],
          "identity_schema_version": 0
        }
      ]
    },
    {
      "mode": "data",
      "type": "aws_availability_zones",
      "name": "available",
      "provider": "provider[\"registry.terraform.io/hashicorp/aws\"]",
      "instances": [
        {
          "schema_version": 0,
          "attributes": {
            "all_availability_zones": null,
            "exclude_names": null,
            "exclude_zone_ids": null,
            "filter": null,
            "group_names": [
              "ap-south-1-zg-1"
            ],
            "id": "ap-south-1",
            "names": [
              "ap-south-1a",
              "ap-south-1b",
              "ap-south-1c"
            ],
            "state": "available",
            "timeouts": null,
            "zone_ids": [
              "aps1-az1",
              "aps1-az3",
              "aps1-az2"
            ]
          },
          "sensitive_attributes": [],
          "identity_schema_version": 0
        }
      ]
    },
    {
      "mode": "managed",
      "type": "aws_eip",
      "name": "nat_eip",
      "provider": "provider[\"registry.terraform.io/hashicorp/aws\"]",
      "instances": [
        {
          "schema_version": 0,
          "attributes": {
            "address": null,
            "allocation_id": "eipalloc-091c5c278c9a906a1",
            "arn": "arn:aws:ec2:ap-south-1:648786395595:elastic-ip/eipalloc-091c5c278c9a906a1",
            "associate_with_private_ip": null,
            "association_id": "eipassoc-0ce3bf6eb0ef7f363",
            "carrier_ip": "",
            "customer_owned_ip": "",
            "customer_owned_ipv4_pool": "",
            "domain": "vpc",
            "id": "eipalloc-091c5c278c9a906a1",
            "instance": "",
            "ipam_pool_id": null,
            "network_border_group": "ap-south-1",
            "network_interface": "eni-09ad4b85d643f9fa6",
            "private_dns": "ip-10-0-1-155.ap-south-1.compute.internal",
            "private_ip": "10.0.1.155",
            "ptr_record": "",
            "public_dns": "ec2-3-6-12-52.ap-south-1.compute.amazonaws.com",
            "public_ip": "3.6.12.52",
            "public_ipv4_pool": "amazon",
            "tags": {
              "Name": "phd-nat-eip",
              "Project": "k8s-docker-comparison"
            },
            "tags_all": {
              "Name": "phd-nat-eip",
              "Project": "k8s-docker-comparison"
            },
            "timeouts": null,
            "vpc": true
          },
          "sensitive_attributes": [],
          "identity_schema_version": 0,
          "private": "eyJlMmJmYjczMC1lY2FhLTExZTYtOGY4OC0zNDM2M2JjN2M0YzAiOnsiZGVsZXRlIjoxODAwMDAwMDAwMDAsInJlYWQiOjkwMDAwMDAwMDAwMCwidXBkYXRlIjozMDAwMDAwMDAwMDB9fQ=="
        }
      ]
    },
    {
      "mode": "managed",
      "type": "aws_iam_instance_profile",
      "name": "karpenter_controller_instance_profile",
      "provider": "provider[\"registry.terraform.io/hashicorp/aws\"]",
      "instances": [
        {
          "schema_version": 0,
          "attributes": {
            "arn": "arn:aws:iam::648786395595:instance-profile/KarpenterControllerIAMInstanceProfile",
            "create_date": "2026-03-29T11:30:57Z",
            "id": "KarpenterControllerIAMInstanceProfile",
            "name": "KarpenterControllerIAMInstanceProfile",
            "name_prefix": "",
            "path": "/",
            "role": "KarpenterControllerIAMRole",
            "tags": {
              "Name": "KarpenterControllerIAMInstanceProfile",
              "Project": "k8s-docker-comparison"
            },
            "tags_all": {
              "Name": "KarpenterControllerIAMInstanceProfile",
              "Project": "k8s-docker-comparison"
            },
            "unique_id": "AIPAZODVOYHF3WVYMAOL4"
          },
          "sensitive_attributes": [],
          "identity_schema_version": 0,
          "private": "bnVsbA==",
          "dependencies": [
            "aws_iam_role.karpenter_controller_role"
          ]
        }
      ]
    },
    {
      "mode": "managed",
      "type": "aws_iam_policy",
      "name": "karpenter_controller_policy",
      "provider": "provider[\"registry.terraform.io/hashicorp/aws\"]",
      "instances": [
        {
          "schema_version": 0,
          "attributes": {
            "arn": "arn:aws:iam::648786395595:policy/KarpenterControllerIAMPolicy",
            "attachment_count": 1,
            "description": "IAM policy for Karpenter controller",
            "id": "arn:aws:iam::648786395595:policy/KarpenterControllerIAMPolicy",
            "name": "KarpenterControllerIAMPolicy",
            "name_prefix": "",
            "path": "/",
            "policy": "{\"Statement\":[{\"Action\":[\"ec2:CreateLaunchTemplate\",\"ec2:CreateFleet\",\"ec2:RunInstances\",\"ec2:CreateTags\",\"ec2:TerminateInstances\",\"ec2:DescribeInstances\",\"ec2:DescribeInstanceTypes\",\"ec2:DescribeLaunchTemplates\",\"ec2:DescribeImages\",\"ec2:DescribeSnapshots\",\"ec2:DescribeSecurityGroups\",\"ec2:DescribeSubnets\",\"ec2:DescribeInstanceTypeOfferings\",\"pricing:GetProducts\",\"ssm:GetParameter\"],\"Effect\":\"Allow\",\"Resource\":\"*\"}],\"Version\":\"2012-10-17\"}",
            "policy_id": "ANPAZODVOYHFYO4PLABYM",
            "tags": {
              "Name": "KarpenterControllerIAMPolicy",
              "Project": "k8s-docker-comparison"
            },
            "tags_all": {
              "Name": "KarpenterControllerIAMPolicy",
              "Project": "k8s-docker-comparison"
            }
          },
          "sensitive_attributes": [],
          "identity_schema_version": 0,
          "private": "bnVsbA=="
        }
      ]
    },
    {
      "mode": "managed",
      "type": "aws_iam_role",
      "name": "karpenter_controller_role",
      "provider": "provider[\"registry.terraform.io/hashicorp/aws\"]",
      "instances": [
        {
          "schema_version": 0,
          "attributes": {
            "arn": "arn:aws:iam::648786395595:role/KarpenterControllerIAMRole",
            "assume_role_policy": "{\"Statement\":[{\"Action\":\"sts:AssumeRole\",\"Effect\":\"Allow\",\"Principal\":{\"Service\":\"ec2.amazonaws.com\"}}],\"Version\":\"2012-10-17\"}",
            "create_date": "2026-03-29T11:30:56Z",
            "description": "",
            "force_detach_policies": false,
            "id": "KarpenterControllerIAMRole",
            "inline_policy": [],
            "managed_policy_arns": [
              "arn:aws:iam::648786395595:policy/KarpenterControllerIAMPolicy"
            ],
            "max_session_duration": 3600,
            "name": "KarpenterControllerIAMRole",
            "name_prefix": "",
            "path": "/",
            "permissions_boundary": "",
            "tags": {
              "Name": "KarpenterControllerIAMRole",
              "Project": "k8s-docker-comparison"
            },
            "tags_all": {
              "Name": "KarpenterControllerIAMRole",
              "Project": "k8s-docker-comparison"
            },
            "unique_id": "AROAZODVOYHF252RNBMDP"
          },
          "sensitive_attributes": [],
          "identity_schema_version": 0,
          "private": "bnVsbA=="
        }
      ]
    },
    {
      "mode": "managed",
      "type": "aws_iam_role_policy_attachment",
      "name": "karpenter_controller_policy_attachment",
      "provider": "provider[\"registry.terraform.io/hashicorp/aws\"]",
      "instances": [
        {
          "schema_version": 0,
          "attributes": {
            "id": "KarpenterControllerIAMRole-20260329113057348700000001",
            "policy_arn": "arn:aws:iam::648786395595:policy/KarpenterControllerIAMPolicy",
            "role": "KarpenterControllerIAMRole"
          },
          "sensitive_attributes": [],
          "identity_schema_version": 0,
          "private": "bnVsbA==",
          "dependencies": [
            "aws_iam_policy.karpenter_controller_policy",
            "aws_iam_role.karpenter_controller_role"
          ]
        }
      ]
    },
    {
      "mode": "managed",
      "type": "aws_instance",
      "name": "docker_manager",
      "provider": "provider[\"registry.terraform.io/hashicorp/aws\"]",
      "instances": [
        {
          "schema_version": 1,
          "attributes": {
            "ami": "ami-095cc90aa5ddff518",
            "arn": "arn:aws:ec2:ap-south-1:648786395595:instance/i-0b29936a42d4ee138",
            "associate_public_ip_address": true,
            "availability_zone": "ap-south-1a",
            "capacity_reservation_specification": [
              {
                "capacity_reservation_preference": "open",
                "capacity_reservation_target": []
              }
            ],
            "cpu_core_count": 1,
            "cpu_options": [
              {
                "amd_sev_snp": "",
                "core_count": 1,
                "threads_per_core": 1
              }
            ],
            "cpu_threads_per_core": 1,
            "credit_specification": [
              {
                "cpu_credits": "standard"
              }
            ],
            "disable_api_stop": false,
            "disable_api_termination": false,
            "ebs_block_device": [],
            "ebs_optimized": false,
            "enable_primary_ipv6": null,
            "enclave_options": [
              {
                "enabled": false
              }
            ],
            "ephemeral_block_device": [],
            "get_password_data": false,
            "hibernation": false,
            "host_id": "",
            "host_resource_group_arn": null,
            "iam_instance_profile": "",
            "id": "i-0b29936a42d4ee138",
            "instance_initiated_shutdown_behavior": "stop",
            "instance_lifecycle": "",
            "instance_market_options": [],
            "instance_state": "running",
            "instance_type": "t2.micro",
            "ipv6_address_count": 0,
            "ipv6_addresses": [],
            "key_name": "phd-research-key",
            "launch_template": [],
            "maintenance_options": [
              {
                "auto_recovery": "default"
              }
            ],
            "metadata_options": [
              {
                "http_endpoint": "enabled",
                "http_protocol_ipv6": "disabled",
                "http_put_response_hop_limit": 1,
                "http_tokens": "optional",
                "instance_metadata_tags": "disabled"
              }
            ],
            "monitoring": false,
            "network_interface": [],
            "outpost_arn": "",
            "password_data": "",
            "placement_group": "",
            "placement_partition_number": 0,
            "primary_network_interface_id": "eni-0271b24f672e58964",
            "private_dns": "ip-10-0-1-211.ap-south-1.compute.internal",
            "private_dns_name_options": [
              {
                "enable_resource_name_dns_a_record": false,
                "enable_resource_name_dns_aaaa_record": false,
                "hostname_type": "ip-name"
              }
            ],
            "private_ip": "10.0.1.211",
            "public_dns": "ec2-15-207-86-193.ap-south-1.compute.amazonaws.com",
            "public_ip": "15.207.86.193",
            "root_block_device": [
              {
                "delete_on_termination": true,
                "device_name": "/dev/sda1",
                "encrypted": true,
                "iops": 3000,
                "kms_key_id": "arn:aws:kms:ap-south-1:648786395595:key/d8e288fb-f753-49c4-a2fc-0915427d76bb",
                "tags": null,
                "tags_all": {},
                "throughput": 125,
                "volume_id": "vol-0d4aa96ca67e526f4",
                "volume_size": 15,
                "volume_type": "gp3"
              }
            ],
            "secondary_private_ips": [],
            "security_groups": [],
            "source_dest_check": true,
            "spot_instance_request_id": "",
            "subnet_id": "subnet-05029c9a22a3b123e",
            "tags": {
              "Environment": "research",
              "Name": "phd-docker-manager",
              "Project": "k8s-docker-comparison",
              "Role": "docker-swarm-manager"
            },
            "tags_all": {
              "Environment": "research",
              "Name": "phd-docker-manager",
              "Project": "k8s-docker-comparison",
              "Role": "docker-swarm-manager"
            },
            "tenancy": "default",
            "timeouts": null,
            "user_data": "1c59381171154d01ec424501df7430172d933a7a",
            "user_data_base64": null,
            "user_data_replace_on_change": false,
            "volume_tags": null,
            "vpc_security_group_ids": [
              "sg-021dececb8319b380"
            ]
          },
          "sensitive_attributes": [],
          "identity_schema_version": 0,
          "private": "eyJlMmJmYjczMC1lY2FhLTExZTYtOGY4OC0zNDM2M2JjN2M0YzAiOnsiY3JlYXRlIjo2MDAwMDAwMDAwMDAsImRlbGV0ZSI6MTIwMDAwMDAwMDAwMCwicmVhZCI6OTAwMDAwMDAwMDAwLCJ1cGRhdGUiOjYwMDAwMDAwMDAwMH0sInNjaGVtYV92ZXJzaW9uIjoiMSJ9",
          "dependencies": [
            "aws_key_pair.research_key",
            "aws_security_group.k8s_control_plane_sg",
            "aws_security_group.worker_nodes_sg",
            "aws_subnet.public_subnet",
            "aws_vpc.research_vpc",
            "data.aws_ami.ubuntu",
            "data.aws_availability_zones.available"
          ]
        }
      ]
    },
    {
      "mode": "managed",
      "type": "aws_instance",
      "name": "docker_worker",
      "provider": "provider[\"registry.terraform.io/hashicorp/aws\"]",
      "instances": [
        {
          "index_key": 0,
          "schema_version": 1,
          "attributes": {
            "ami": "ami-095cc90aa5ddff518",
            "arn": "arn:aws:ec2:ap-south-1:648786395595:instance/i-090606d00ffbe6bfc",
            "associate_public_ip_address": true,
            "availability_zone": "ap-south-1a",
            "capacity_reservation_specification": [
              {
                "capacity_reservation_preference": "open",
                "capacity_reservation_target": []
              }
            ],
            "cpu_core_count": 1,
            "cpu_options": [
              {
                "amd_sev_snp": "",
                "core_count": 1,
                "threads_per_core": 1
              }
            ],
            "cpu_threads_per_core": 1,
            "credit_specification": [
              {
                "cpu_credits": "standard"
              }
            ],
            "disable_api_stop": false,
            "disable_api_termination": false,
            "ebs_block_device": [],
            "ebs_optimized": false,
            "enable_primary_ipv6": null,
            "enclave_options": [
              {
                "enabled": false
              }
            ],
            "ephemeral_block_device": [],
            "get_password_data": false,
            "hibernation": false,
            "host_id": "",
            "host_resource_group_arn": null,
            "iam_instance_profile": "",
            "id": "i-090606d00ffbe6bfc",
            "instance_initiated_shutdown_behavior": "stop",
            "instance_lifecycle": "",
            "instance_market_options": [],
            "instance_state": "running",
            "instance_type": "t2.micro",
            "ipv6_address_count": 0,
            "ipv6_addresses": [],
            "key_name": "phd-research-key",
            "launch_template": [],
            "maintenance_options": [
              {
                "auto_recovery": "default"
              }
            ],
            "metadata_options": [
              {
                "http_endpoint": "enabled",
                "http_protocol_ipv6": "disabled",
                "http_put_response_hop_limit": 1,
                "http_tokens": "optional",
                "instance_metadata_tags": "disabled"
              }
            ],
            "monitoring": false,
            "network_interface": [],
            "outpost_arn": "",
            "password_data": "",
            "placement_group": "",
            "placement_partition_number": 0,
            "primary_network_interface_id": "eni-07df480c4f05f76ae",
            "private_dns": "ip-10-0-1-14.ap-south-1.compute.internal",
            "private_dns_name_options": [
              {
                "enable_resource_name_dns_a_record": false,
                "enable_resource_name_dns_aaaa_record": false,
                "hostname_type": "ip-name"
              }
            ],
            "private_ip": "10.0.1.14",
            "public_dns": "ec2-65-0-98-185.ap-south-1.compute.amazonaws.com",
            "public_ip": "65.0.98.185",
            "root_block_device": [
              {
                "delete_on_termination": true,
                "device_name": "/dev/sda1",
                "encrypted": true,
                "iops": 3000,
                "kms_key_id": "arn:aws:kms:ap-south-1:648786395595:key/d8e288fb-f753-49c4-a2fc-0915427d76bb",
                "tags": null,
                "tags_all": {},
                "throughput": 125,
                "volume_id": "vol-081521ec3ee296e45",
                "volume_size": 15,
                "volume_type": "gp3"
              }
            ],
            "secondary_private_ips": [],
            "security_groups": [],
            "source_dest_check": true,
            "spot_instance_request_id": "",
            "subnet_id": "subnet-05029c9a22a3b123e",
            "tags": {
              "Environment": "research",
              "Name": "phd-docker-worker-1",
              "Project": "k8s-docker-comparison",
              "Role": "docker-swarm-worker"
            },
            "tags_all": {
              "Environment": "research",
              "Name": "phd-docker-worker-1",
              "Project": "k8s-docker-comparison",
              "Role": "docker-swarm-worker"
            },
            "tenancy": "default",
            "timeouts": null,
            "user_data": "c6fe7518508234c63210fef76fe5f8181820f1e8",
            "user_data_base64": null,
            "user_data_replace_on_change": false,
            "volume_tags": null,
            "vpc_security_group_ids": [
              "sg-021dececb8319b380"
            ]
          },
          "sensitive_attributes": [],
          "identity_schema_version": 0,
          "private": "eyJlMmJmYjczMC1lY2FhLTExZTYtOGY4OC0zNDM2M2JjN2M0YzAiOnsiY3JlYXRlIjo2MDAwMDAwMDAwMDAsImRlbGV0ZSI6MTIwMDAwMDAwMDAwMCwicmVhZCI6OTAwMDAwMDAwMDAwLCJ1cGRhdGUiOjYwMDAwMDAwMDAwMH0sInNjaGVtYV92ZXJzaW9uIjoiMSJ9",
          "dependencies": [
            "aws_instance.docker_manager",
            "aws_key_pair.research_key",
            "aws_security_group.k8s_control_plane_sg",
            "aws_security_group.worker_nodes_sg",
            "aws_subnet.public_subnet",
            "aws_vpc.research_vpc",
            "data.aws_ami.ubuntu",
            "data.aws_availability_zones.available"
          ]
        },
        {
          "index_key": 1,
          "schema_version": 1,
          "attributes": {
            "ami": "ami-095cc90aa5ddff518",
            "arn": "arn:aws:ec2:ap-south-1:648786395595:instance/i-05f9236aee3df3cf7",
            "associate_public_ip_address": true,
            "availability_zone": "ap-south-1a",
            "capacity_reservation_specification": [
              {
                "capacity_reservation_preference": "open",
                "capacity_reservation_target": []
              }
            ],
            "cpu_core_count": 1,
            "cpu_options": [
              {
                "amd_sev_snp": "",
                "core_count": 1,
                "threads_per_core": 1
              }
            ],
            "cpu_threads_per_core": 1,
            "credit_specification": [
              {
                "cpu_credits": "standard"
              }
            ],
            "disable_api_stop": false,
            "disable_api_termination": false,
            "ebs_block_device": [],
            "ebs_optimized": false,
            "enable_primary_ipv6": null,
            "enclave_options": [
              {
                "enabled": false
              }
            ],
            "ephemeral_block_device": [],
            "get_password_data": false,
            "hibernation": false,
            "host_id": "",
            "host_resource_group_arn": null,
            "iam_instance_profile": "",
            "id": "i-05f9236aee3df3cf7",
            "instance_initiated_shutdown_behavior": "stop",
            "instance_lifecycle": "",
            "instance_market_options": [],
            "instance_state": "running",
            "instance_type": "t2.micro",
            "ipv6_address_count": 0,
            "ipv6_addresses": [],
            "key_name": "phd-research-key",
            "launch_template": [],
            "maintenance_options": [
              {
                "auto_recovery": "default"
              }
            ],
            "metadata_options": [
              {
                "http_endpoint": "enabled",
                "http_protocol_ipv6": "disabled",
                "http_put_response_hop_limit": 1,
                "http_tokens": "optional",
                "instance_metadata_tags": "disabled"
              }
            ],
            "monitoring": false,
            "network_interface": [],
            "outpost_arn": "",
            "password_data": "",
            "placement_group": "",
            "placement_partition_number": 0,
            "primary_network_interface_id": "eni-09ba1ee0f65e9a0a4",
            "private_dns": "ip-10-0-1-234.ap-south-1.compute.internal",
            "private_dns_name_options": [
              {
                "enable_resource_name_dns_a_record": false,
                "enable_resource_name_dns_aaaa_record": false,
                "hostname_type": "ip-name"
              }
            ],
            "private_ip": "10.0.1.234",
            "public_dns": "ec2-13-126-164-39.ap-south-1.compute.amazonaws.com",
            "public_ip": "13.126.164.39",
            "root_block_device": [
              {
                "delete_on_termination": true,
                "device_name": "/dev/sda1",
                "encrypted": true,
                "iops": 3000,
                "kms_key_id": "arn:aws:kms:ap-south-1:648786395595:key/d8e288fb-f753-49c4-a2fc-0915427d76bb",
                "tags": null,
                "tags_all": {},
                "throughput": 125,
                "volume_id": "vol-009cad16ce633fdb8",
                "volume_size": 15,
                "volume_type": "gp3"
              }
            ],
            "secondary_private_ips": [],
            "security_groups": [],
            "source_dest_check": true,
            "spot_instance_request_id": "",
            "subnet_id": "subnet-05029c9a22a3b123e",
            "tags": {
              "Environment": "research",
              "Name": "phd-docker-worker-2",
              "Project": "k8s-docker-comparison",
              "Role": "docker-swarm-worker"
            },
            "tags_all": {
              "Environment": "research",
              "Name": "phd-docker-worker-2",
              "Project": "k8s-docker-comparison",
              "Role": "docker-swarm-worker"
            },
            "tenancy": "default",
            "timeouts": null,
            "user_data": "c6fe7518508234c63210fef76fe5f8181820f1e8",
            "user_data_base64": null,
            "user_data_replace_on_change": false,
            "volume_tags": null,
            "vpc_security_group_ids": [
              "sg-021dececb8319b380"
            ]
          },
          "sensitive_attributes": [],
          "identity_schema_version": 0,
          "private": "eyJlMmJmYjczMC1lY2FhLTExZTYtOGY4OC0zNDM2M2JjN2M0YzAiOnsiY3JlYXRlIjo2MDAwMDAwMDAwMDAsImRlbGV0ZSI6MTIwMDAwMDAwMDAwMCwicmVhZCI6OTAwMDAwMDAwMDAwLCJ1cGRhdGUiOjYwMDAwMDAwMDAwMH0sInNjaGVtYV92ZXJzaW9uIjoiMSJ9",
          "dependencies": [
            "aws_instance.docker_manager",
            "aws_key_pair.research_key",
            "aws_security_group.k8s_control_plane_sg",
            "aws_security_group.worker_nodes_sg",
            "aws_subnet.public_subnet",
            "aws_vpc.research_vpc",
            "data.aws_ami.ubuntu",
            "data.aws_availability_zones.available"
          ]
        }
      ]
    },
    {
      "mode": "managed",
      "type": "aws_instance",
      "name": "k8s_control_plane",
      "provider": "provider[\"registry.terraform.io/hashicorp/aws\"]",
      "instances": [
        {
          "schema_version": 1,
          "attributes": {
            "ami": "ami-095cc90aa5ddff518",
            "arn": "arn:aws:ec2:ap-south-1:648786395595:instance/i-07999b55b2cadfbf1",
            "associate_public_ip_address": true,
            "availability_zone": "ap-south-1a",
            "capacity_reservation_specification": [
              {
                "capacity_reservation_preference": "open",
                "capacity_reservation_target": []
              }
            ],
            "cpu_core_count": 1,
            "cpu_options": [
              {
                "amd_sev_snp": "",
                "core_count": 1,
                "threads_per_core": 2
              }
            ],
            "cpu_threads_per_core": 2,
            "credit_specification": [
              {
                "cpu_credits": "unlimited"
              }
            ],
            "disable_api_stop": false,
            "disable_api_termination": false,
            "ebs_block_device": [],
            "ebs_optimized": false,
            "enable_primary_ipv6": null,
            "enclave_options": [
              {
                "enabled": false
              }
            ],
            "ephemeral_block_device": [],
            "get_password_data": false,
            "hibernation": false,
            "host_id": "",
            "host_resource_group_arn": null,
            "iam_instance_profile": "KarpenterControllerIAMInstanceProfile",
            "id": "i-07999b55b2cadfbf1",
            "instance_initiated_shutdown_behavior": "stop",
            "instance_lifecycle": "",
            "instance_market_options": [],
            "instance_state": "running",
            "instance_type": "t3.medium",
            "ipv6_address_count": 0,
            "ipv6_addresses": [],
            "key_name": "phd-research-key",
            "launch_template": [],
            "maintenance_options": [
              {
                "auto_recovery": "default"
              }
            ],
            "metadata_options": [
              {
                "http_endpoint": "enabled",
                "http_protocol_ipv6": "disabled",
                "http_put_response_hop_limit": 1,
                "http_tokens": "optional",
                "instance_metadata_tags": "disabled"
              }
            ],
            "monitoring": false,
            "network_interface": [],
            "outpost_arn": "",
            "password_data": "",
            "placement_group": "",
            "placement_partition_number": 0,
            "primary_network_interface_id": "eni-0b47ee576f85c48ec",
            "private_dns": "ip-10-0-1-20.ap-south-1.compute.internal",
            "private_dns_name_options": [
              {
                "enable_resource_name_dns_a_record": false,
                "enable_resource_name_dns_aaaa_record": false,
                "hostname_type": "ip-name"
              }
            ],
            "private_ip": "10.0.1.20",
            "public_dns": "ec2-52-66-203-212.ap-south-1.compute.amazonaws.com",
            "public_ip": "52.66.203.212",
            "root_block_device": [
              {
                "delete_on_termination": true,
                "device_name": "/dev/sda1",
                "encrypted": true,
                "iops": 3000,
                "kms_key_id": "arn:aws:kms:ap-south-1:648786395595:key/d8e288fb-f753-49c4-a2fc-0915427d76bb",
                "tags": null,
                "tags_all": {},
                "throughput": 125,
                "volume_id": "vol-0d2352b26ec2de939",
                "volume_size": 20,
                "volume_type": "gp3"
              }
            ],
            "secondary_private_ips": [],
            "security_groups": [],
            "source_dest_check": true,
            "spot_instance_request_id": "",
            "subnet_id": "subnet-05029c9a22a3b123e",
            "tags": {
              "Environment": "research",
              "Name": "phd-k8s-control-plane",
              "Project": "k8s-docker-comparison",
              "karpenter.sh/discovery": "phd-k8s-cluster",
              "kubernetes.io/cluster/phd-k8s-cluster": "owned"
            },
            "tags_all": {
              "Environment": "research",
              "Name": "phd-k8s-control-plane",
              "Project": "k8s-docker-comparison",
              "karpenter.sh/discovery": "phd-k8s-cluster",
              "kubernetes.io/cluster/phd-k8s-cluster": "owned"
            },
            "tenancy": "default",
            "timeouts": null,
            "user_data": "d33b77aceadaefdadc11c80f57ec7ce18fdacc05",
            "user_data_base64": null,
            "user_data_replace_on_change": false,
            "volume_tags": null,
            "vpc_security_group_ids": [
              "sg-0761b7440016ca9dc"
            ]
          },
          "sensitive_attributes": [],
          "identity_schema_version": 0,
          "private": "eyJlMmJmYjczMC1lY2FhLTExZTYtOGY4OC0zNDM2M2JjN2M0YzAiOnsiY3JlYXRlIjo2MDAwMDAwMDAwMDAsImRlbGV0ZSI6MTIwMDAwMDAwMDAwMCwicmVhZCI6OTAwMDAwMDAwMDAwLCJ1cGRhdGUiOjYwMDAwMDAwMDAwMH0sInNjaGVtYV92ZXJzaW9uIjoiMSJ9",
          "dependencies": [
            "aws_iam_instance_profile.karpenter_controller_instance_profile",
            "aws_iam_role.karpenter_controller_role",
            "aws_key_pair.research_key",
            "aws_security_group.k8s_control_plane_sg",
            "aws_subnet.public_subnet",
            "aws_vpc.research_vpc",
            "data.aws_ami.ubuntu",
            "data.aws_availability_zones.available"
          ]
        }
      ]
    },
    {
      "mode": "managed",
      "type": "aws_instance",
      "name": "k8s_worker",
      "provider": "provider[\"registry.terraform.io/hashicorp/aws\"]",
      "instances": [
        {
          "index_key": 0,
          "schema_version": 1,
          "attributes": {
            "ami": "ami-095cc90aa5ddff518",
            "arn": "arn:aws:ec2:ap-south-1:648786395595:instance/i-04f3b6ca09347c72c",
            "associate_public_ip_address": true,
            "availability_zone": "ap-south-1a",
            "capacity_reservation_specification": [
              {
                "capacity_reservation_preference": "open",
                "capacity_reservation_target": []
              }
            ],
            "cpu_core_count": 1,
            "cpu_options": [
              {
                "amd_sev_snp": "",
                "core_count": 1,
                "threads_per_core": 1
              }
            ],
            "cpu_threads_per_core": 1,
            "credit_specification": [
              {
                "cpu_credits": "standard"
              }
            ],
            "disable_api_stop": false,
            "disable_api_termination": false,
            "ebs_block_device": [],
            "ebs_optimized": false,
            "enable_primary_ipv6": null,
            "enclave_options": [
              {
                "enabled": false
              }
            ],
            "ephemeral_block_device": [],
            "get_password_data": false,
            "hibernation": false,
            "host_id": "",
            "host_resource_group_arn": null,
            "iam_instance_profile": "",
            "id": "i-04f3b6ca09347c72c",
            "instance_initiated_shutdown_behavior": "stop",
            "instance_lifecycle": "",
            "instance_market_options": [],
            "instance_state": "running",
            "instance_type": "t2.micro",
            "ipv6_address_count": 0,
            "ipv6_addresses": [],
            "key_name": "phd-research-key",
            "launch_template": [],
            "maintenance_options": [
              {
                "auto_recovery": "default"
              }
            ],
            "metadata_options": [
              {
                "http_endpoint": "enabled",
                "http_protocol_ipv6": "disabled",
                "http_put_response_hop_limit": 1,
                "http_tokens": "optional",
                "instance_metadata_tags": "disabled"
              }
            ],
            "monitoring": false,
            "network_interface": [],
            "outpost_arn": "",
            "password_data": "",
            "placement_group": "",
            "placement_partition_number": 0,
            "primary_network_interface_id": "eni-0ab54ccf675f3c0d8",
            "private_dns": "ip-10-0-1-212.ap-south-1.compute.internal",
            "private_dns_name_options": [
              {
                "enable_resource_name_dns_a_record": false,
                "enable_resource_name_dns_aaaa_record": false,
                "hostname_type": "ip-name"
              }
            ],
            "private_ip": "10.0.1.212",
            "public_dns": "ec2-15-207-86-110.ap-south-1.compute.amazonaws.com",
            "public_ip": "15.207.86.110",
            "root_block_device": [
              {
                "delete_on_termination": true,
                "device_name": "/dev/sda1",
                "encrypted": true,
                "iops": 3000,
                "kms_key_id": "arn:aws:kms:ap-south-1:648786395595:key/d8e288fb-f753-49c4-a2fc-0915427d76bb",
                "tags": null,
                "tags_all": {},
                "throughput": 125,
                "volume_id": "vol-014049645f8627b5b",
                "volume_size": 15,
                "volume_type": "gp3"
              }
            ],
            "secondary_private_ips": [],
            "security_groups": [],
            "source_dest_check": true,
            "spot_instance_request_id": "",
            "subnet_id": "subnet-05029c9a22a3b123e",
            "tags": {
              "Environment": "research",
              "Name": "phd-k8s-worker-1",
              "Project": "k8s-docker-comparison",
              "karpenter.sh/discovery": "phd-k8s-cluster",
              "kubernetes.io/cluster/phd-k8s-cluster": "owned",
              "node-type": "karpenter-managed"
            },
            "tags_all": {
              "Environment": "research",
              "Name": "phd-k8s-worker-1",
              "Project": "k8s-docker-comparison",
              "karpenter.sh/discovery": "phd-k8s-cluster",
              "kubernetes.io/cluster/phd-k8s-cluster": "owned",
              "node-type": "karpenter-managed"
            },
            "tenancy": "default",
            "timeouts": null,
            "user_data": "672921fb81df7ab87f34d6edbfe963b8ae66619b",
            "user_data_base64": null,
            "user_data_replace_on_change": false,
            "volume_tags": null,
            "vpc_security_group_ids": [
              "sg-021dececb8319b380"
            ]
          },
          "sensitive_attributes": [],
          "identity_schema_version": 0,
          "private": "eyJlMmJmYjczMC1lY2FhLTExZTYtOGY4OC0zNDM2M2JjN2M0YzAiOnsiY3JlYXRlIjo2MDAwMDAwMDAwMDAsImRlbGV0ZSI6MTIwMDAwMDAwMDAwMCwicmVhZCI6OTAwMDAwMDAwMDAwLCJ1cGRhdGUiOjYwMDAwMDAwMDAwMH0sInNjaGVtYV92ZXJzaW9uIjoiMSJ9",
          "dependencies": [
            "aws_key_pair.research_key",
            "aws_security_group.k8s_control_plane_sg",
            "aws_security_group.worker_nodes_sg",
            "aws_subnet.public_subnet",
            "aws_vpc.research_vpc",
            "data.aws_ami.ubuntu",
            "data.aws_availability_zones.available"
          ]
        },
        {
          "index_key": 1,
          "schema_version": 1,
          "attributes": {
            "ami": "ami-095cc90aa5ddff518",
            "arn": "arn:aws:ec2:ap-south-1:648786395595:instance/i-0ca109c0bd7cc2e07",
            "associate_public_ip_address": true,
            "availability_zone": "ap-south-1a",
            "capacity_reservation_specification": [
              {
                "capacity_reservation_preference": "open",
                "capacity_reservation_target": []
              }
            ],
            "cpu_core_count": 1,
            "cpu_options": [
              {
                "amd_sev_snp": "",
                "core_count": 1,
                "threads_per_core": 1
              }
            ],
            "cpu_threads_per_core": 1,
            "credit_specification": [
              {
                "cpu_credits": "standard"
              }
            ],
            "disable_api_stop": false,
            "disable_api_termination": false,
            "ebs_block_device": [],
            "ebs_optimized": false,
            "enable_primary_ipv6": null,
            "enclave_options": [
              {
                "enabled": false
              }
            ],
            "ephemeral_block_device": [],
            "get_password_data": false,
            "hibernation": false,
            "host_id": "",
            "host_resource_group_arn": null,
            "iam_instance_profile": "",
            "id": "i-0ca109c0bd7cc2e07",
            "instance_initiated_shutdown_behavior": "stop",
            "instance_lifecycle": "",
            "instance_market_options": [],
            "instance_state": "running",
            "instance_type": "t2.micro",
            "ipv6_address_count": 0,
            "ipv6_addresses": [],
            "key_name": "phd-research-key",
            "launch_template": [],
            "maintenance_options": [
              {
                "auto_recovery": "default"
              }
            ],
            "metadata_options": [
              {
                "http_endpoint": "enabled",
                "http_protocol_ipv6": "disabled",
                "http_put_response_hop_limit": 1,
                "http_tokens": "optional",
                "instance_metadata_tags": "disabled"
              }
            ],
            "monitoring": false,
            "network_interface": [],
            "outpost_arn": "",
            "password_data": "",
            "placement_group": "",
            "placement_partition_number": 0,
            "primary_network_interface_id": "eni-017036e4c2d37743b",
            "private_dns": "ip-10-0-1-192.ap-south-1.compute.internal",
            "private_dns_name_options": [
              {
                "enable_resource_name_dns_a_record": false,
                "enable_resource_name_dns_aaaa_record": false,
                "hostname_type": "ip-name"
              }
            ],
            "private_ip": "10.0.1.192",
            "public_dns": "ec2-15-206-145-215.ap-south-1.compute.amazonaws.com",
            "public_ip": "15.206.145.215",
            "root_block_device": [
              {
                "delete_on_termination": true,
                "device_name": "/dev/sda1",
                "encrypted": true,
                "iops": 3000,
                "kms_key_id": "arn:aws:kms:ap-south-1:648786395595:key/d8e288fb-f753-49c4-a2fc-0915427d76bb",
                "tags": null,
                "tags_all": {},
                "throughput": 125,
                "volume_id": "vol-0445b54148b745cd8",
                "volume_size": 15,
                "volume_type": "gp3"
              }
            ],
            "secondary_private_ips": [],
            "security_groups": [],
            "source_dest_check": true,
            "spot_instance_request_id": "",
            "subnet_id": "subnet-05029c9a22a3b123e",
            "tags": {
              "Environment": "research",
              "Name": "phd-k8s-worker-2",
              "Project": "k8s-docker-comparison",
              "karpenter.sh/discovery": "phd-k8s-cluster",
              "kubernetes.io/cluster/phd-k8s-cluster": "owned",
              "node-type": "karpenter-managed"
            },
            "tags_all": {
              "Environment": "research",
              "Name": "phd-k8s-worker-2",
              "Project": "k8s-docker-comparison",
              "karpenter.sh/discovery": "phd-k8s-cluster",
              "kubernetes.io/cluster/phd-k8s-cluster": "owned",
              "node-type": "karpenter-managed"
            },
            "tenancy": "default",
            "timeouts": null,
            "user_data": "672921fb81df7ab87f34d6edbfe963b8ae66619b",
            "user_data_base64": null,
            "user_data_replace_on_change": false,
            "volume_tags": null,
            "vpc_security_group_ids": [
              "sg-021dececb8319b380"
            ]
          },
          "sensitive_attributes": [],
          "identity_schema_version": 0,
          "private": "eyJlMmJmYjczMC1lY2FhLTExZTYtOGY4OC0zNDM2M2JjN2M0YzAiOnsiY3JlYXRlIjo2MDAwMDAwMDAwMDAsImRlbGV0ZSI6MTIwMDAwMDAwMDAwMCwicmVhZCI6OTAwMDAwMDAwMDAwLCJ1cGRhdGUiOjYwMDAwMDAwMDAwMH0sInNjaGVtYV92ZXJzaW9uIjoiMSJ9",
          "dependencies": [
            "aws_key_pair.research_key",
            "aws_security_group.k8s_control_plane_sg",
            "aws_security_group.worker_nodes_sg",
            "aws_subnet.public_subnet",
            "aws_vpc.research_vpc",
            "data.aws_ami.ubuntu",
            "data.aws_availability_zones.available"
          ]
        }
      ]
    },
    {
      "mode": "managed",
      "type": "aws_internet_gateway",
      "name": "research_igw",
      "provider": "provider[\"registry.terraform.io/hashicorp/aws\"]",
      "instances": [
        {
          "schema_version": 0,
          "attributes": {
            "arn": "arn:aws:ec2:ap-south-1:648786395595:internet-gateway/igw-0b9b18af6aefe1a64",
            "id": "igw-0b9b18af6aefe1a64",
            "owner_id": "648786395595",
            "tags": {
              "Name": "phd-research-igw",
              "Project": "k8s-docker-comparison"
            },
            "tags_all": {
              "Name": "phd-research-igw",
              "Project": "k8s-docker-comparison"
            },
            "timeouts": null,
            "vpc_id": "vpc-0607321b2c359b220"
          },
          "sensitive_attributes": [],
          "identity_schema_version": 0,
          "private": "eyJlMmJmYjczMC1lY2FhLTExZTYtOGY4OC0zNDM2M2JjN2M0YzAiOnsiY3JlYXRlIjoxMjAwMDAwMDAwMDAwLCJkZWxldGUiOjEyMDAwMDAwMDAwMDAsInVwZGF0ZSI6MTIwMDAwMDAwMDAwMH19",
          "dependencies": [
            "aws_vpc.research_vpc"
          ]
        }
      ]
    },
    {
      "mode": "managed",
      "type": "aws_key_pair",
      "name": "research_key",
      "provider": "provider[\"registry.terraform.io/hashicorp/aws\"]",
      "instances": [
        {
          "schema_version": 1,
          "attributes": {
            "arn": "arn:aws:ec2:ap-south-1:648786395595:key-pair/phd-research-key",
            "fingerprint": "a9:99:a4:57:5e:3c:7c:1e:28:7f:24:98:73:ff:8d:60",
            "id": "phd-research-key",
            "key_name": "phd-research-key",
            "key_name_prefix": "",
            "key_pair_id": "key-0cf6412a0f60fb460",
            "key_type": "rsa",
            "public_key": "ssh-rsa AAAAB3NzaC1yc2EAAAADAQABAAABAQCzuaGYdcn+jY2dEP7UnZDf0hGeJEMZdg0VV4ZHOngYJIv5Q8d8Cv6fTL2vbTWUghHulL2hkUf0xq84zCR9tWU+jN3XfXuQd3LuWNmglmI867DBgRg3JFruIfrBi3RQnpWpihO7Ol9aYvLyRLWv1G0O6rzYt45s89maIIcb70PA2VWN3zLv+0qBITuczSCuZVshB02q9NwmJVAWgPWJsmEbcPtKloqt8dn8NNu8OXdb5TAHx5MLzNxFYkKUqst+SWIe8lKnKocJMLBiVrkOW5PBYwaZUpx1mheInof3+ms8ntKqAAPyGqir0XCtEeCw7bDcq+/dHsj5YG0kJxO5vqyp PrithiviKachhawa@RP-INTUNE-6J4Kn",
            "tags": {
              "Name": "phd-research-key",
              "Project": "k8s-docker-comparison"
            },
            "tags_all": {
              "Name": "phd-research-key",
              "Project": "k8s-docker-comparison"
            }
          },
          "sensitive_attributes": [],
          "identity_schema_version": 0,
          "private": "eyJzY2hlbWFfdmVyc2lvbiI6IjEifQ=="
        }
      ]
    },
    {
      "mode": "managed",
      "type": "aws_nat_gateway",
      "name": "research_nat",
      "provider": "provider[\"registry.terraform.io/hashicorp/aws\"]",
      "instances": [
        {
          "schema_version": 0,
          "attributes": {
            "allocation_id": "eipalloc-091c5c278c9a906a1",
            "association_id": "eipassoc-0ce3bf6eb0ef7f363",
            "connectivity_type": "public",
            "id": "nat-06b8423ed615e4cf6",
            "network_interface_id": "eni-09ad4b85d643f9fa6",
            "private_ip": "10.0.1.155",
            "public_ip": "3.6.12.52",
            "secondary_allocation_ids": [],
            "secondary_private_ip_address_count": 0,
            "secondary_private_ip_addresses": [],
            "subnet_id": "subnet-05029c9a22a3b123e",
            "tags": {
              "Name": "phd-research-nat",
              "Project": "k8s-docker-comparison"
            },
            "tags_all": {
              "Name": "phd-research-nat",
              "Project": "k8s-docker-comparison"
            },
            "timeouts": null
          },
          "sensitive_attributes": [],
          "identity_schema_version": 0,
          "private": "eyJlMmJmYjczMC1lY2FhLTExZTYtOGY4OC0zNDM2M2JjN2M0YzAiOnsiY3JlYXRlIjo2MDAwMDAwMDAwMDAsImRlbGV0ZSI6MTgwMDAwMDAwMDAwMCwidXBkYXRlIjo2MDAwMDAwMDAwMDB9fQ==",
          "dependencies": [
            "aws_eip.nat_eip",
            "aws_internet_gateway.research_igw",
            "aws_subnet.public_subnet",
            "aws_vpc.research_vpc",
            "data.aws_availability_zones.available"
          ]
        }
      ]
    },
    {
      "mode": "managed",
      "type": "aws_route_table",
      "name": "private_rt",
      "provider": "provider[\"registry.terraform.io/hashicorp/aws\"]",
      "instances": [
        {
          "schema_version": 0,
          "attributes": {
            "arn": "arn:aws:ec2:ap-south-1:648786395595:route-table/rtb-07d6183c5033962f9",
            "id": "rtb-07d6183c5033962f9",
            "owner_id": "648786395595",
            "propagating_vgws": [],
            "route": [
              {
                "carrier_gateway_id": "",
                "cidr_block": "0.0.0.0/0",
                "core_network_arn": "",
                "destination_prefix_list_id": "",
                "egress_only_gateway_id": "",
                "gateway_id": "",
                "ipv6_cidr_block": "",
                "local_gateway_id": "",
                "nat_gateway_id": "nat-06b8423ed615e4cf6",
                "network_interface_id": "",
                "transit_gateway_id": "",
                "vpc_endpoint_id": "",
                "vpc_peering_connection_id": ""
              }
            ],
            "tags": {
              "Name": "phd-private-rt",
              "Project": "k8s-docker-comparison"
            },
            "tags_all": {
              "Name": "phd-private-rt",
              "Project": "k8s-docker-comparison"
            },
            "timeouts": null,
            "vpc_id": "vpc-0607321b2c359b220"
          },
          "sensitive_attributes": [],
          "identity_schema_version": 0,
          "private": "eyJlMmJmYjczMC1lY2FhLTExZTYtOGY4OC0zNDM2M2JjN2M0YzAiOnsiY3JlYXRlIjozMDAwMDAwMDAwMDAsImRlbGV0ZSI6MzAwMDAwMDAwMDAwLCJ1cGRhdGUiOjEyMDAwMDAwMDAwMH19",
          "dependencies": [
            "aws_eip.nat_eip",
            "aws_internet_gateway.research_igw",
            "aws_nat_gateway.research_nat",
            "aws_subnet.public_subnet",
            "aws_vpc.research_vpc",
            "data.aws_availability_zones.available"
          ]
        }
      ]
    },
    {
      "mode": "managed",
      "type": "aws_route_table",
      "name": "public_rt",
      "provider": "provider[\"registry.terraform.io/hashicorp/aws\"]",
      "instances": [
        {
          "schema_version": 0,
          "attributes": {
            "arn": "arn:aws:ec2:ap-south-1:648786395595:route-table/rtb-0e565f9a71e84c193",
            "id": "rtb-0e565f9a71e84c193",
            "owner_id": "648786395595",
            "propagating_vgws": [],
            "route": [
              {
                "carrier_gateway_id": "",
                "cidr_block": "0.0.0.0/0",
                "core_network_arn": "",
                "destination_prefix_list_id": "",
                "egress_only_gateway_id": "",
                "gateway_id": "igw-0b9b18af6aefe1a64",
                "ipv6_cidr_block": "",
                "local_gateway_id": "",
                "nat_gateway_id": "",
                "network_interface_id": "",
                "transit_gateway_id": "",
                "vpc_endpoint_id": "",
                "vpc_peering_connection_id": ""
              }
            ],
            "tags": {
              "Name": "phd-public-rt",
              "Project": "k8s-docker-comparison"
            },
            "tags_all": {
              "Name": "phd-public-rt",
              "Project": "k8s-docker-comparison"
            },
            "timeouts": null,
            "vpc_id": "vpc-0607321b2c359b220"
          },
          "sensitive_attributes": [],
          "identity_schema_version": 0,
          "private": "eyJlMmJmYjczMC1lY2FhLTExZTYtOGY4OC0zNDM2M2JjN2M0YzAiOnsiY3JlYXRlIjozMDAwMDAwMDAwMDAsImRlbGV0ZSI6MzAwMDAwMDAwMDAwLCJ1cGRhdGUiOjEyMDAwMDAwMDAwMH19",
          "dependencies": [
            "aws_internet_gateway.research_igw",
            "aws_vpc.research_vpc"
          ]
        }
      ]
    },
    {
      "mode": "managed",
      "type": "aws_route_table_association",
      "name": "private_rta",
      "provider": "provider[\"registry.terraform.io/hashicorp/aws\"]",
      "instances": [
        {
          "schema_version": 0,
          "attributes": {
            "gateway_id": "",
            "id": "rtbassoc-0c71f64724c948973",
            "route_table_id": "rtb-07d6183c5033962f9",
            "subnet_id": "subnet-06e72b703d8642681",
            "timeouts": null
          },
          "sensitive_attributes": [],
          "identity_schema_version": 0,
          "private": "eyJlMmJmYjczMC1lY2FhLTExZTYtOGY4OC0zNDM2M2JjN2M0YzAiOnsiY3JlYXRlIjozMDAwMDAwMDAwMDAsImRlbGV0ZSI6MzAwMDAwMDAwMDAwLCJ1cGRhdGUiOjEyMDAwMDAwMDAwMH19",
          "dependencies": [
            "aws_eip.nat_eip",
            "aws_internet_gateway.research_igw",
            "aws_nat_gateway.research_nat",
            "aws_route_table.private_rt",
            "aws_subnet.private_subnet",
            "aws_subnet.public_subnet",
            "aws_vpc.research_vpc",
            "data.aws_availability_zones.available"
          ]
        }
      ]
    },
    {
      "mode": "managed",
      "type": "aws_route_table_association",
      "name": "public_rta",
      "provider": "provider[\"registry.terraform.io/hashicorp/aws\"]",
      "instances": [
        {
          "schema_version": 0,
          "attributes": {
            "gateway_id": "",
            "id": "rtbassoc-0918924adb4933bf0",
            "route_table_id": "rtb-0e565f9a71e84c193",
            "subnet_id": "subnet-05029c9a22a3b123e",
            "timeouts": null
          },
          "sensitive_attributes": [],
          "identity_schema_version": 0,
          "private": "eyJlMmJmYjczMC1lY2FhLTExZTYtOGY4OC0zNDM2M2JjN2M0YzAiOnsiY3JlYXRlIjozMDAwMDAwMDAwMDAsImRlbGV0ZSI6MzAwMDAwMDAwMDAwLCJ1cGRhdGUiOjEyMDAwMDAwMDAwMH19",
          "dependencies": [
            "aws_internet_gateway.research_igw",
            "aws_route_table.public_rt",
            "aws_subnet.public_subnet",
            "aws_vpc.research_vpc",
            "data.aws_availability_zones.available"
          ]
        }
      ]
    },
    {
      "mode": "managed",
      "type": "aws_security_group",
      "name": "k8s_control_plane_sg",
      "provider": "provider[\"registry.terraform.io/hashicorp/aws\"]",
      "instances": [
        {
          "schema_version": 1,
          "attributes": {
            "arn": "arn:aws:ec2:ap-south-1:648786395595:security-group/sg-0761b7440016ca9dc",
            "description": "Security group for Kubernetes control plane",
            "egress": [
              {
                "cidr_blocks": [
                  "0.0.0.0/0"
                ],
                "description": "",
                "from_port": 0,
                "ipv6_cidr_blocks": [],
                "prefix_list_ids": [],
                "protocol": "-1",
                "security_groups": [],
                "self": false,
                "to_port": 0
              }
            ],
            "id": "sg-0761b7440016ca9dc",
            "ingress": [
              {
                "cidr_blocks": [
                  "0.0.0.0/0"
                ],
                "description": null,
                "from_port": 22,
                "ipv6_cidr_blocks": [],
                "prefix_list_ids": [],
                "protocol": "tcp",
                "security_groups": [],
                "self": false,
                "to_port": 22
              },
              {
                "cidr_blocks": [
                  "0.0.0.0/0"
                ],
                "description": null,
                "from_port": 30000,
                "ipv6_cidr_blocks": [],
                "prefix_list_ids": [],
                "protocol": "tcp",
                "security_groups": [],
                "self": false,
                "to_port": 32767
              },
              {
                "cidr_blocks": [
                  "0.0.0.0/0"
                ],
                "description": null,
                "from_port": 8081,
                "ipv6_cidr_blocks": [],
                "prefix_list_ids": [],
                "protocol": "tcp",
                "security_groups": [],
                "self": false,
                "to_port": 8081
              },
              {
                "cidr_blocks": [
                  "10.0.0.0/16"
                ],
                "description": null,
                "from_port": 10250,
                "ipv6_cidr_blocks": [],
                "prefix_list_ids": [],
                "protocol": "tcp",
                "security_groups": [],
                "self": false,
                "to_port": 10250
              },
              {
                "cidr_blocks": [
                  "10.0.0.0/16"
                ],
                "description": null,
                "from_port": 10259,
                "ipv6_cidr_blocks": [],
                "prefix_list_ids": [],
                "protocol": "tcp",
                "security_groups": [],
                "self": false,
                "to_port": 10259
              },
              {
                "cidr_blocks": [
                  "10.0.0.0/16"
                ],
                "description": null,
                "from_port": 2379,
                "ipv6_cidr_blocks": [],
                "prefix_list_ids": [],
                "protocol": "tcp",
                "security_groups": [],
                "self": false,
                "to_port": 2380
              },
              {
                "cidr_blocks": [
                  "10.0.0.0/16"
                ],
                "description": null,
                "from_port": 6443,
                "ipv6_cidr_blocks": [],
                "prefix_list_ids": [],
                "protocol": "tcp",
                "security_groups": [],
                "self": false,
                "to_port": 6443
              }
            ],
            "name": "phd-k8s-control-plane-sg",
            "name_prefix": "",
            "owner_id": "648786395595",
            "revoke_rules_on_delete": false,
            "tags": {
              "Name": "phd-k8s-control-plane-sg",
              "Project": "k8s-docker-comparison"
            },
            "tags_all": {
              "Name": "phd-k8s-control-plane-sg",
              "Project": "k8s-docker-comparison"
            },
            "timeouts": null,
            "vpc_id": "vpc-0607321b2c359b220"
          },
          "sensitive_attributes": [],
          "identity_schema_version": 0,
          "private": "eyJlMmJmYjczMC1lY2FhLTExZTYtOGY4OC0zNDM2M2JjN2M0YzAiOnsiY3JlYXRlIjo2MDAwMDAwMDAwMDAsImRlbGV0ZSI6OTAwMDAwMDAwMDAwfSwic2NoZW1hX3ZlcnNpb24iOiIxIn0=",
          "dependencies": [
            "aws_vpc.research_vpc"
          ]
        }
      ]
    },
    {
      "mode": "managed",
      "type": "aws_security_group",
      "name": "worker_nodes_sg",
      "provider": "provider[\"registry.terraform.io/hashicorp/aws\"]",
      "instances": [
        {
          "schema_version": 1,
          "attributes": {
            "arn": "arn:aws:ec2:ap-south-1:648786395595:security-group/sg-021dececb8319b380",
            "description": "Security group for worker nodes",
            "egress": [
              {
                "cidr_blocks": [
                  "0.0.0.0/0"
                ],
                "description": "",
                "from_port": 0,
                "ipv6_cidr_blocks": [],
                "prefix_list_ids": [],
                "protocol": "-1",
                "security_groups": [],
                "self": false,
                "to_port": 0
              }
            ],
            "id": "sg-021dececb8319b380",
            "ingress": [
              {
                "cidr_blocks": [
                  "0.0.0.0/0"
                ],
                "description": "",
                "from_port": 22,
                "ipv6_cidr_blocks": [],
                "prefix_list_ids": [],
                "protocol": "tcp",
                "security_groups": [],
                "self": false,
                "to_port": 22
              },
              {
                "cidr_blocks": [
                  "0.0.0.0/0"
                ],
                "description": "",
                "from_port": 8081,
                "ipv6_cidr_blocks": [],
                "prefix_list_ids": [],
                "protocol": "tcp",
                "security_groups": [],
                "self": false,
                "to_port": 8081
              },
              {
                "cidr_blocks": [
                  "10.0.0.0/16"
                ],
                "description": "",
                "from_port": 2377,
                "ipv6_cidr_blocks": [],
                "prefix_list_ids": [],
                "protocol": "tcp",
                "security_groups": [],
                "self": false,
                "to_port": 2377
              },
              {
                "cidr_blocks": [
                  "10.0.0.0/16"
                ],
                "description": "",
                "from_port": 4789,
                "ipv6_cidr_blocks": [],
                "prefix_list_ids": [],
                "protocol": "udp",
                "security_groups": [],
                "self": false,
                "to_port": 4789
              },
              {
                "cidr_blocks": [
                  "10.0.0.0/16"
                ],
                "description": "",
                "from_port": 7946,
                "ipv6_cidr_blocks": [],
                "prefix_list_ids": [],
                "protocol": "tcp",
                "security_groups": [],
                "self": false,
                "to_port": 7946
              },
              {
                "cidr_blocks": [
                  "10.0.0.0/16"
                ],
                "description": "",
                "from_port": 7946,
                "ipv6_cidr_blocks": [],
                "prefix_list_ids": [],
                "protocol": "udp",
                "security_groups": [],
                "self": false,
                "to_port": 7946
              },
              {
                "cidr_blocks": [],
                "description": "",
                "from_port": 0,
                "ipv6_cidr_blocks": [],
                "prefix_list_ids": [],
                "protocol": "-1",
                "security_groups": [
                  "sg-0761b7440016ca9dc"
                ],
                "self": false,
                "to_port": 0
              },
              {
                "cidr_blocks": [],
                "description": "",
                "from_port": 0,
                "ipv6_cidr_blocks": [],
                "prefix_list_ids": [],
                "protocol": "-1",
                "security_groups": [],
                "self": true,
                "to_port": 0
              }
            ],
            "name": "phd-worker-nodes-sg",
            "name_prefix": "",
            "owner_id": "648786395595",
            "revoke_rules_on_delete": false,
            "tags": {
              "Name": "phd-worker-nodes-sg",
              "Project": "k8s-docker-comparison"
            },
            "tags_all": {
              "Name": "phd-worker-nodes-sg",
              "Project": "k8s-docker-comparison"
            },
            "timeouts": null,
            "vpc_id": "vpc-0607321b2c359b220"
          },
          "sensitive_attributes": [],
          "identity_schema_version": 0,
          "private": "eyJlMmJmYjczMC1lY2FhLTExZTYtOGY4OC0zNDM2M2JjN2M0YzAiOnsiY3JlYXRlIjo2MDAwMDAwMDAwMDAsImRlbGV0ZSI6OTAwMDAwMDAwMDAwfSwic2NoZW1hX3ZlcnNpb24iOiIxIn0=",
          "dependencies": [
            "aws_security_group.k8s_control_plane_sg",
            "aws_vpc.research_vpc"
          ]
        }
      ]
    },
    {
      "mode": "managed",
      "type": "aws_subnet",
      "name": "private_subnet",
      "provider": "provider[\"registry.terraform.io/hashicorp/aws\"]",
      "instances": [
        {
          "schema_version": 1,
          "attributes": {
            "arn": "arn:aws:ec2:ap-south-1:648786395595:subnet/subnet-06e72b703d8642681",
            "assign_ipv6_address_on_creation": false,
            "availability_zone": "ap-south-1b",
            "availability_zone_id": "aps1-az3",
            "cidr_block": "10.0.2.0/24",
            "customer_owned_ipv4_pool": "",
            "enable_dns64": false,
            "enable_lni_at_device_index": 0,
            "enable_resource_name_dns_a_record_on_launch": false,
            "enable_resource_name_dns_aaaa_record_on_launch": false,
            "id": "subnet-06e72b703d8642681",
            "ipv6_cidr_block": "",
            "ipv6_cidr_block_association_id": "",
            "ipv6_native": false,
            "map_customer_owned_ip_on_launch": false,
            "map_public_ip_on_launch": false,
            "outpost_arn": "",
            "owner_id": "648786395595",
            "private_dns_hostname_type_on_launch": "ip-name",
            "tags": {
              "Name": "phd-private-subnet",
              "Project": "k8s-docker-comparison",
              "karpenter.sh/discovery": "phd-k8s-cluster",
              "kubernetes.io/role/internal-elb": "1"
            },
            "tags_all": {
              "Name": "phd-private-subnet",
              "Project": "k8s-docker-comparison",
              "karpenter.sh/discovery": "phd-k8s-cluster",
              "kubernetes.io/role/internal-elb": "1"
            },
            "timeouts": null,
            "vpc_id": "vpc-0607321b2c359b220"
          },
          "sensitive_attributes": [],
          "identity_schema_version": 0,
          "private": "eyJlMmJmYjczMC1lY2FhLTExZTYtOGY4OC0zNDM2M2JjN2M0YzAiOnsiY3JlYXRlIjo2MDAwMDAwMDAwMDAsImRlbGV0ZSI6MTIwMDAwMDAwMDAwMH0sInNjaGVtYV92ZXJzaW9uIjoiMSJ9",
          "dependencies": [
            "aws_vpc.research_vpc",
            "data.aws_availability_zones.available"
          ]
        }
      ]
    },
    {
      "mode": "managed",
      "type": "aws_subnet",
      "name": "public_subnet",
      "provider": "provider[\"registry.terraform.io/hashicorp/aws\"]",
      "instances": [
        {
          "schema_version": 1,
          "attributes": {
            "arn": "arn:aws:ec2:ap-south-1:648786395595:subnet/subnet-05029c9a22a3b123e",
            "assign_ipv6_address_on_creation": false,
            "availability_zone": "ap-south-1a",
            "availability_zone_id": "aps1-az1",
            "cidr_block": "10.0.1.0/24",
            "customer_owned_ipv4_pool": "",
            "enable_dns64": false,
            "enable_lni_at_device_index": 0,
            "enable_resource_name_dns_a_record_on_launch": false,
            "enable_resource_name_dns_aaaa_record_on_launch": false,
            "id": "subnet-05029c9a22a3b123e",
            "ipv6_cidr_block": "",
            "ipv6_cidr_block_association_id": "",
            "ipv6_native": false,
            "map_customer_owned_ip_on_launch": false,
            "map_public_ip_on_launch": true,
            "outpost_arn": "",
            "owner_id": "648786395595",
            "private_dns_hostname_type_on_launch": "ip-name",
            "tags": {
              "Name": "phd-public-subnet",
              "Project": "k8s-docker-comparison",
              "karpenter.sh/discovery": "phd-k8s-cluster",
              "kubernetes.io/role/elb": "1"
            },
            "tags_all": {
              "Name": "phd-public-subnet",
              "Project": "k8s-docker-comparison",
              "karpenter.sh/discovery": "phd-k8s-cluster",
              "kubernetes.io/role/elb": "1"
            },
            "timeouts": null,
            "vpc_id": "vpc-0607321b2c359b220"
          },
          "sensitive_attributes": [],
          "identity_schema_version": 0,
          "private": "eyJlMmJmYjczMC1lY2FhLTExZTYtOGY4OC0zNDM2M2JjN2M0YzAiOnsiY3JlYXRlIjo2MDAwMDAwMDAwMDAsImRlbGV0ZSI6MTIwMDAwMDAwMDAwMH0sInNjaGVtYV92ZXJzaW9uIjoiMSJ9",
          "dependencies": [
            "aws_vpc.research_vpc",
            "data.aws_availability_zones.available"
          ]
        }
      ]
    },
    {
      "mode": "managed",
      "type": "aws_vpc",
      "name": "research_vpc",
      "provider": "provider[\"registry.terraform.io/hashicorp/aws\"]",
      "instances": [
        {
          "schema_version": 1,
          "attributes": {
            "arn": "arn:aws:ec2:ap-south-1:648786395595:vpc/vpc-0607321b2c359b220",
            "assign_generated_ipv6_cidr_block": false,
            "cidr_block": "10.0.0.0/16",
            "default_network_acl_id": "acl-0e8096f54c8fca299",
            "default_route_table_id": "rtb-0dee4b3840f1a8e8b",
            "default_security_group_id": "sg-0acae9521635c6cf8",
            "dhcp_options_id": "dopt-0fcefbe6c1426b2b7",
            "enable_dns_hostnames": true,
            "enable_dns_support": true,
            "enable_network_address_usage_metrics": false,
            "id": "vpc-0607321b2c359b220",
            "instance_tenancy": "default",
            "ipv4_ipam_pool_id": null,
            "ipv4_netmask_length": null,
            "ipv6_association_id": "",
            "ipv6_cidr_block": "",
            "ipv6_cidr_block_network_border_group": "",
            "ipv6_ipam_pool_id": "",
            "ipv6_netmask_length": 0,
            "main_route_table_id": "rtb-0dee4b3840f1a8e8b",
            "owner_id": "648786395595",
            "tags": {
              "Environment": "research",
              "Name": "phd-research-vpc",
              "Project": "k8s-docker-comparison"
            },
            "tags_all": {
              "Environment": "research",
              "Name": "phd-research-vpc",
              "Project": "k8s-docker-comparison"
            }
          },
          "sensitive_attributes": [],
          "identity_schema_version": 0,
          "private": "eyJzY2hlbWFfdmVyc2lvbiI6IjEifQ=="
        }
      ]
    }
  ],
  "check_results": null
}
